
Microsoft Visual Studio Solution File, Format Version 12.00
# Visual Studio Version 17
VisualStudioVersion = 17.2.32630.192
MinimumVisualStudioVersion = 10.0.40219.1
Project("{FAE04EC0-301F-11D3-BF4B-00C04F79EFBC}") = "ClinicFront", "ClinicFront.csproj", "{85CCA307-8E26-494D-BA4D-9F55843EB2C2}"
EndProject
Global
	GlobalSection(SolutionConfigurationPlatforms) = preSolution
		Debug|Any CPU = Debug|Any CPU
		Release|Any CPU = Release|Any CPU
	EndGlobalSection
	GlobalSection(ProjectConfigurationPlatforms) = postSolution
		{85CCA307-8E26-494D-BA4D-9F55843EB2C2}.Debug|Any CPU.ActiveCfg = Debug|Any CPU
		{85CCA307-8E26-494D-BA4D-9F55843EB2C2}.Debug|Any CPU.Build.0 = Debug|Any CPU
		{85CCA307-8E26-494D-BA4D-9F55843EB2C2}.Release|Any CPU.ActiveCfg = Release|Any CPU
		{85CCA307-8E26-494D-BA4D-9F55843EB2C2}.Release|Any CPU.Build.0 = Release|Any CPU
	EndGlobalSection
	GlobalSection(SolutionProperties) = preSolution
		HideSolutionNode = FALSE
	EndGlobalSection
	GlobalSection(ExtensibilityGlobals) = postSolution
		SolutionGuid = {04B0BA5A-B27C-485D-B45A-9D5E2C52E703}
	EndGlobalSection
EndGlobal
